
Microsoft Visual Studio Solution File, Format Version 12.00
# Visual Studio 14
VisualStudioVersion = 14.0.25123.0
MinimumVisualStudioVersion = 10.0.40219.1
Project("{FAE04EC0-301F-11D3-BF4B-00C04F79EFBC}") = "DotNetBay.Cmd", "DotNetBay.Cmd\DotNetBay.Cmd.csproj", "{EB070B8C-4CBF-425D-90FA-48834DBEE9B8}"
EndProject
Project("{2150E333-8FDC-42A3-9474-1A3956D46DE8}") = "_SolutionFiles", "_SolutionFiles", "{757E1FA2-E301-431E-BDB8-CDBEC527C4EE}"
	ProjectSection(SolutionItems) = preProject
		DotNetBay.ruleset = DotNetBay.ruleset
		DotNetBay.sln.DotSettings = DotNetBay.sln.DotSettings
	EndProjectSection
EndProject
Project("{FAE04EC0-301F-11D3-BF4B-00C04F79EFBC}") = "DotNetBay.Core", "DotNetBay.Core\DotNetBay.Core.csproj", "{9EF46B21-B552-4CC6-A4C0-E81091A4064B}"
EndProject
Project("{FAE04EC0-301F-11D3-BF4B-00C04F79EFBC}") = "DotNetBay.Data.FileStorage", "DotNetBay.Data.FileStorage\DotNetBay.Data.FileStorage.csproj", "{92942123-C7EC-4418-9B48-F5D62BE7E7A3}"
EndProject
Project("{FAE04EC0-301F-11D3-BF4B-00C04F79EFBC}") = "DotNetBay.Model", "DotNetBay.Model\DotNetBay.Model.csproj", "{908D8739-3185-46EB-A03E-6B6C3849857C}"
EndProject
Project("{FAE04EC0-301F-11D3-BF4B-00C04F79EFBC}") = "DotNetBay.Interfaces", "DotNetBay.Interfaces\DotNetBay.Interfaces.csproj", "{17745E6C-337C-44BD-9C50-5F1D45CEADA5}"
EndProject
Project("{FAE04EC0-301F-11D3-BF4B-00C04F79EFBC}") = "DotNetBay.Test", "DotNetBay.Test\DotNetBay.Test.csproj", "{9DFA662D-5CF3-43E6-88E1-61D4D1FE02AD}"
EndProject
Project("{FAE04EC0-301F-11D3-BF4B-00C04F79EFBC}") = "DotNetBay.WPF", "DotNetBay.WPF\DotNetBay.WPF.csproj", "{E03406CF-2231-4EE0-B651-B3BD92DE1F85}"
EndProject
Project("{FAE04EC0-301F-11D3-BF4B-00C04F79EFBC}") = "DotNetBay.WPF.Test", "DotNetBay.WPF.Test\DotNetBay.WPF.Test.csproj", "{CA563477-3510-4284-85A8-EE16B858D1FC}"
EndProject
Project("{FAE04EC0-301F-11D3-BF4B-00C04F79EFBC}") = "DotNetBay.Data.EF", "DotNetBay.Data.EF\DotNetBay.Data.EF.csproj", "{68B98A5E-DC88-4A65-997F-B01C295B7EEB}"
EndProject
Project("{FAE04EC0-301F-11D3-BF4B-00C04F79EFBC}") = "DotNetBay.WebApp", "DotNetBay.WebApp\DotNetBay.WebApp.csproj", "{1B9B23DE-251F-4D24-8311-E5393FB27D5A}"
EndProject
Project("{FAE04EC0-301F-11D3-BF4B-00C04F79EFBC}") = "DotNetBay.WebApi", "DotNetBay.WebApi\DotNetBay.WebApi.csproj", "{3F429864-7A53-449B-A129-82E3C4B2D81D}"
EndProject
Project("{FAE04EC0-301F-11D3-BF4B-00C04F79EFBC}") = "DotNetBay.SelfHost", "DotNetBay.SelfHost\DotNetBay.SelfHost.csproj", "{1F317BDA-1F7B-4E46-9642-CF9D1E7928C3}"
EndProject
Project("{FAE04EC0-301F-11D3-BF4B-00C04F79EFBC}") = "DotNetBay.SignalR", "DotNetBay.SignalR\DotNetBay.SignalR.csproj", "{FB14E0AE-D580-4595-9FED-CA74B925D70E}"
EndProject
Global
	GlobalSection(SolutionConfigurationPlatforms) = preSolution
		Debug|Any CPU = Debug|Any CPU
		Release|Any CPU = Release|Any CPU
	EndGlobalSection
	GlobalSection(ProjectConfigurationPlatforms) = postSolution
		{EB070B8C-4CBF-425D-90FA-48834DBEE9B8}.Debug|Any CPU.ActiveCfg = Debug|Any CPU
		{EB070B8C-4CBF-425D-90FA-48834DBEE9B8}.Debug|Any CPU.Build.0 = Debug|Any CPU
		{EB070B8C-4CBF-425D-90FA-48834DBEE9B8}.Release|Any CPU.ActiveCfg = Release|Any CPU
		{EB070B8C-4CBF-425D-90FA-48834DBEE9B8}.Release|Any CPU.Build.0 = Release|Any CPU
		{9EF46B21-B552-4CC6-A4C0-E81091A4064B}.Debug|Any CPU.ActiveCfg = Debug|Any CPU
		{9EF46B21-B552-4CC6-A4C0-E81091A4064B}.Debug|Any CPU.Build.0 = Debug|Any CPU
		{9EF46B21-B552-4CC6-A4C0-E81091A4064B}.Release|Any CPU.ActiveCfg = Release|Any CPU
		{9EF46B21-B552-4CC6-A4C0-E81091A4064B}.Release|Any CPU.Build.0 = Release|Any CPU
		{92942123-C7EC-4418-9B48-F5D62BE7E7A3}.Debug|Any CPU.ActiveCfg = Debug|Any CPU
		{92942123-C7EC-4418-9B48-F5D62BE7E7A3}.Debug|Any CPU.Build.0 = Debug|Any CPU
		{92942123-C7EC-4418-9B48-F5D62BE7E7A3}.Release|Any CPU.ActiveCfg = Release|Any CPU
		{92942123-C7EC-4418-9B48-F5D62BE7E7A3}.Release|Any CPU.Build.0 = Release|Any CPU
		{908D8739-3185-46EB-A03E-6B6C3849857C}.Debug|Any CPU.ActiveCfg = Debug|Any CPU
		{908D8739-3185-46EB-A03E-6B6C3849857C}.Debug|Any CPU.Build.0 = Debug|Any CPU
		{908D8739-3185-46EB-A03E-6B6C3849857C}.Release|Any CPU.ActiveCfg = Release|Any CPU
		{908D8739-3185-46EB-A03E-6B6C3849857C}.Release|Any CPU.Build.0 = Release|Any CPU
		{17745E6C-337C-44BD-9C50-5F1D45CEADA5}.Debug|Any CPU.ActiveCfg = Debug|Any CPU
		{17745E6C-337C-44BD-9C50-5F1D45CEADA5}.Debug|Any CPU.Build.0 = Debug|Any CPU
		{17745E6C-337C-44BD-9C50-5F1D45CEADA5}.Release|Any CPU.ActiveCfg = Release|Any CPU
		{17745E6C-337C-44BD-9C50-5F1D45CEADA5}.Release|Any CPU.Build.0 = Release|Any CPU
		{9DFA662D-5CF3-43E6-88E1-61D4D1FE02AD}.Debug|Any CPU.ActiveCfg = Debug|Any CPU
		{9DFA662D-5CF3-43E6-88E1-61D4D1FE02AD}.Debug|Any CPU.Build.0 = Debug|Any CPU
		{9DFA662D-5CF3-43E6-88E1-61D4D1FE02AD}.Release|Any CPU.ActiveCfg = Release|Any CPU
		{9DFA662D-5CF3-43E6-88E1-61D4D1FE02AD}.Release|Any CPU.Build.0 = Release|Any CPU
		{E03406CF-2231-4EE0-B651-B3BD92DE1F85}.Debug|Any CPU.ActiveCfg = Debug|Any CPU
		{E03406CF-2231-4EE0-B651-B3BD92DE1F85}.Debug|Any CPU.Build.0 = Debug|Any CPU
		{E03406CF-2231-4EE0-B651-B3BD92DE1F85}.Release|Any CPU.ActiveCfg = Release|Any CPU
		{E03406CF-2231-4EE0-B651-B3BD92DE1F85}.Release|Any CPU.Build.0 = Release|Any CPU
		{CA563477-3510-4284-85A8-EE16B858D1FC}.Debug|Any CPU.ActiveCfg = Debug|Any CPU
		{CA563477-3510-4284-85A8-EE16B858D1FC}.Debug|Any CPU.Build.0 = Debug|Any CPU
		{CA563477-3510-4284-85A8-EE16B858D1FC}.Release|Any CPU.ActiveCfg = Release|Any CPU
		{CA563477-3510-4284-85A8-EE16B858D1FC}.Release|Any CPU.Build.0 = Release|Any CPU
		{68B98A5E-DC88-4A65-997F-B01C295B7EEB}.Debug|Any CPU.ActiveCfg = Debug|Any CPU
		{68B98A5E-DC88-4A65-997F-B01C295B7EEB}.Debug|Any CPU.Build.0 = Debug|Any CPU
		{68B98A5E-DC88-4A65-997F-B01C295B7EEB}.Release|Any CPU.ActiveCfg = Release|Any CPU
		{68B98A5E-DC88-4A65-997F-B01C295B7EEB}.Release|Any CPU.Build.0 = Release|Any CPU
		{1B9B23DE-251F-4D24-8311-E5393FB27D5A}.Debug|Any CPU.ActiveCfg = Debug|Any CPU
		{1B9B23DE-251F-4D24-8311-E5393FB27D5A}.Debug|Any CPU.Build.0 = Debug|Any CPU
		{1B9B23DE-251F-4D24-8311-E5393FB27D5A}.Release|Any CPU.ActiveCfg = Release|Any CPU
		{1B9B23DE-251F-4D24-8311-E5393FB27D5A}.Release|Any CPU.Build.0 = Release|Any CPU
		{3F429864-7A53-449B-A129-82E3C4B2D81D}.Debug|Any CPU.ActiveCfg = Debug|Any CPU
		{3F429864-7A53-449B-A129-82E3C4B2D81D}.Debug|Any CPU.Build.0 = Debug|Any CPU
		{3F429864-7A53-449B-A129-82E3C4B2D81D}.Release|Any CPU.ActiveCfg = Release|Any CPU
		{3F429864-7A53-449B-A129-82E3C4B2D81D}.Release|Any CPU.Build.0 = Release|Any CPU
		{1F317BDA-1F7B-4E46-9642-CF9D1E7928C3}.Debug|Any CPU.ActiveCfg = Debug|Any CPU
		{1F317BDA-1F7B-4E46-9642-CF9D1E7928C3}.Debug|Any CPU.Build.0 = Debug|Any CPU
		{1F317BDA-1F7B-4E46-9642-CF9D1E7928C3}.Release|Any CPU.ActiveCfg = Release|Any CPU
		{1F317BDA-1F7B-4E46-9642-CF9D1E7928C3}.Release|Any CPU.Build.0 = Release|Any CPU
		{FB14E0AE-D580-4595-9FED-CA74B925D70E}.Debug|Any CPU.ActiveCfg = Debug|Any CPU
		{FB14E0AE-D580-4595-9FED-CA74B925D70E}.Debug|Any CPU.Build.0 = Debug|Any CPU
		{FB14E0AE-D580-4595-9FED-CA74B925D70E}.Release|Any CPU.ActiveCfg = Release|Any CPU
		{FB14E0AE-D580-4595-9FED-CA74B925D70E}.Release|Any CPU.Build.0 = Release|Any CPU
	EndGlobalSection
	GlobalSection(SolutionProperties) = preSolution
		HideSolutionNode = FALSE
	EndGlobalSection
EndGlobal
